
Microsoft Visual Studio Solution File, Format Version 12.00
# Visual Studio Version 17
VisualStudioVersion = 17.7.34221.43
MinimumVisualStudioVersion = 10.0.40219.1
Project("{8BC9CEB8-8B4A-11D0-8D11-00A0C91BC942}") = "Week12_Final_Video_Game", "Week12_Final_Video_Game\Week12_Final_Video_Game.vcxproj", "{F8FE7A13-AD3F-4367-A855-F4CB96B64D7F}"
EndProject
Project("{8BC9CEB8-8B4A-11D0-8D11-00A0C91BC942}") = "LevelEditor", "LevelEditor\LevelEditor.vcxproj", "{8B385F4B-D20B-44BB-9A25-589DC4920DEE}"
EndProject
Global
	GlobalSection(SolutionConfigurationPlatforms) = preSolution
		Debug|x64 = Debug|x64
		Debug|x86 = Debug|x86
		Release|x64 = Release|x64
		Release|x86 = Release|x86
	EndGlobalSection
	GlobalSection(ProjectConfigurationPlatforms) = postSolution
		{F8FE7A13-AD3F-4367-A855-F4CB96B64D7F}.Debug|x64.ActiveCfg = Debug|x64
		{F8FE7A13-AD3F-4367-A855-F4CB96B64D7F}.Debug|x64.Build.0 = Debug|x64
		{F8FE7A13-AD3F-4367-A855-F4CB96B64D7F}.Debug|x86.ActiveCfg = Debug|Win32
		{F8FE7A13-AD3F-4367-A855-F4CB96B64D7F}.Debug|x86.Build.0 = Debug|Win32
		{F8FE7A13-AD3F-4367-A855-F4CB96B64D7F}.Release|x64.ActiveCfg = Release|x64
		{F8FE7A13-AD3F-4367-A855-F4CB96B64D7F}.Release|x64.Build.0 = Release|x64
		{F8FE7A13-AD3F-4367-A855-F4CB96B64D7F}.Release|x86.ActiveCfg = Release|Win32
		{F8FE7A13-AD3F-4367-A855-F4CB96B64D7F}.Release|x86.Build.0 = Release|Win32
		{8B385F4B-D20B-44BB-9A25-589DC4920DEE}.Debug|x64.ActiveCfg = Debug|x64
		{8B385F4B-D20B-44BB-9A25-589DC4920DEE}.Debug|x64.Build.0 = Debug|x64
		{8B385F4B-D20B-44BB-9A25-589DC4920DEE}.Debug|x86.ActiveCfg = Debug|Win32
		{8B385F4B-D20B-44BB-9A25-589DC4920DEE}.Debug|x86.Build.0 = Debug|Win32
		{8B385F4B-D20B-44BB-9A25-589DC4920DEE}.Release|x64.ActiveCfg = Release|x64
		{8B385F4B-D20B-44BB-9A25-589DC4920DEE}.Release|x64.Build.0 = Release|x64
		{8B385F4B-D20B-44BB-9A25-589DC4920DEE}.Release|x86.ActiveCfg = Release|Win32
		{8B385F4B-D20B-44BB-9A25-589DC4920DEE}.Release|x86.Build.0 = Release|Win32
	EndGlobalSection
	GlobalSection(SolutionProperties) = preSolution
		HideSolutionNode = FALSE
	EndGlobalSection
	GlobalSection(ExtensibilityGlobals) = postSolution
		SolutionGuid = {77FCDA78-DFF9-48B2-AE4D-55D9CB6C0BC9}
	EndGlobalSection
EndGlobal
